
Microsoft Visual Studio Solution File, Format Version 12.00
# Visual Studio 15
VisualStudioVersion = 15.0.28307.489
MinimumVisualStudioVersion = 10.0.40219.1
Project("{8BC9CEB8-8B4A-11D0-8D11-00A0C91BC942}") = "Tema3_Proiectul5", "Tema3_Proiectul5.vcxproj", "{71337686-1B11-43C0-931E-50587CDE377E}"
EndProject
Global
	GlobalSection(SolutionConfigurationPlatforms) = preSolution
		Debug|x64 = Debug|x64
		Debug|x86 = Debug|x86
		Release|x64 = Release|x64
		Release|x86 = Release|x86
	EndGlobalSection
	GlobalSection(ProjectConfigurationPlatforms) = postSolution
		{71337686-1B11-43C0-931E-50587CDE377E}.Debug|x64.ActiveCfg = Debug|x64
		{71337686-1B11-43C0-931E-50587CDE377E}.Debug|x64.Build.0 = Debug|x64
		{71337686-1B11-43C0-931E-50587CDE377E}.Debug|x86.ActiveCfg = Debug|Win32
		{71337686-1B11-43C0-931E-50587CDE377E}.Debug|x86.Build.0 = Debug|Win32
		{71337686-1B11-43C0-931E-50587CDE377E}.Release|x64.ActiveCfg = Release|x64
		{71337686-1B11-43C0-931E-50587CDE377E}.Release|x64.Build.0 = Release|x64
		{71337686-1B11-43C0-931E-50587CDE377E}.Release|x86.ActiveCfg = Release|Win32
		{71337686-1B11-43C0-931E-50587CDE377E}.Release|x86.Build.0 = Release|Win32
	EndGlobalSection
	GlobalSection(SolutionProperties) = preSolution
		HideSolutionNode = FALSE
	EndGlobalSection
	GlobalSection(ExtensibilityGlobals) = postSolution
		SolutionGuid = {E19F076D-8E45-4097-A884-D21BD05F12BC}
	EndGlobalSection
EndGlobal
